
Microsoft Visual Studio Solution File, Format Version 12.00
# Visual Studio 2013
VisualStudioVersion = 12.0.40629.0
MinimumVisualStudioVersion = 10.0.40219.1
Project("{FAE04EC0-301F-11D3-BF4B-00C04F79EFBC}") = "EsriDeviceSimulator", "EsriDeviceSimulator\EsriDeviceSimulator.csproj", "{4FEDE301-2923-4BBA-B9BA-E7685703E5CF}"
EndProject
Project("{2150E333-8FDC-42A3-9474-1A3956D46DE8}") = ".nuget", ".nuget", "{E2B18FC3-5086-4199-B80C-B7495B00AB92}"
	ProjectSection(SolutionItems) = preProject
		.nuget\NuGet.Config = .nuget\NuGet.Config
		.nuget\NuGet.exe = .nuget\NuGet.exe
		.nuget\NuGet.targets = .nuget\NuGet.targets
	EndProjectSection
EndProject
Global
	GlobalSection(SolutionConfigurationPlatforms) = preSolution
		Debug|Any CPU = Debug|Any CPU
		Release|Any CPU = Release|Any CPU
	EndGlobalSection
	GlobalSection(ProjectConfigurationPlatforms) = postSolution
		{4FEDE301-2923-4BBA-B9BA-E7685703E5CF}.Debug|Any CPU.ActiveCfg = Debug|Any CPU
		{4FEDE301-2923-4BBA-B9BA-E7685703E5CF}.Debug|Any CPU.Build.0 = Debug|Any CPU
		{4FEDE301-2923-4BBA-B9BA-E7685703E5CF}.Release|Any CPU.ActiveCfg = Release|Any CPU
		{4FEDE301-2923-4BBA-B9BA-E7685703E5CF}.Release|Any CPU.Build.0 = Release|Any CPU
	EndGlobalSection
	GlobalSection(SolutionProperties) = preSolution
		HideSolutionNode = FALSE
	EndGlobalSection
EndGlobal
